
Microsoft Visual Studio Solution File, Format Version 12.00
# Visual Studio Version 16
VisualStudioVersion = 16.0.30225.117
MinimumVisualStudioVersion = 10.0.40219.1
Project("{FAE04EC0-301F-11D3-BF4B-00C04F79EFBC}") = "CoreAngularServer", "CoreAngularServer\CoreAngularServer.csproj", "{5F4C1FAF-9BF2-4D21-B044-B519E8F21BDF}"
EndProject
Global
	GlobalSection(SolutionConfigurationPlatforms) = preSolution
		Debug|Any CPU = Debug|Any CPU
		Release|Any CPU = Release|Any CPU
	EndGlobalSection
	GlobalSection(ProjectConfigurationPlatforms) = postSolution
		{5F4C1FAF-9BF2-4D21-B044-B519E8F21BDF}.Debug|Any CPU.ActiveCfg = Debug|Any CPU
		{5F4C1FAF-9BF2-4D21-B044-B519E8F21BDF}.Debug|Any CPU.Build.0 = Debug|Any CPU
		{5F4C1FAF-9BF2-4D21-B044-B519E8F21BDF}.Release|Any CPU.ActiveCfg = Release|Any CPU
		{5F4C1FAF-9BF2-4D21-B044-B519E8F21BDF}.Release|Any CPU.Build.0 = Release|Any CPU
	EndGlobalSection
	GlobalSection(SolutionProperties) = preSolution
		HideSolutionNode = FALSE
	EndGlobalSection
	GlobalSection(ExtensibilityGlobals) = postSolution
		SolutionGuid = {46571C8B-A6D2-46BA-9438-0C98AF0C8452}
	EndGlobalSection
EndGlobal
